
Microsoft Visual Studio Solution File, Format Version 12.00
# Visual Studio Version 17
VisualStudioVersion = 17.3.32819.101
MinimumVisualStudioVersion = 10.0.40219.1
Project("{9A19103F-16F7-4668-BE54-9A1E7A4F7556}") = "SeoBoost", "src\SeoBoost\SeoBoost.csproj", "{5AC7CC0A-0CC5-42F3-A634-A8E7D57E5B43}"
EndProject
Project("{2150E333-8FDC-42A3-9474-1A3956D46DE8}") = "sandbox", "sandbox", "{BB2F590F-53B0-4202-82A6-1FFD440CB2A9}"
EndProject
Project("{9A19103F-16F7-4668-BE54-9A1E7A4F7556}") = "Alloy", "sandbox\Alloy\Alloy.csproj", "{1AEA7FBA-A0A2-4638-BA74-4DB95235B3D8}"
EndProject
Global
	GlobalSection(SolutionConfigurationPlatforms) = preSolution
		Debug|Any CPU = Debug|Any CPU
		Release|Any CPU = Release|Any CPU
	EndGlobalSection
	GlobalSection(ProjectConfigurationPlatforms) = postSolution
		{5AC7CC0A-0CC5-42F3-A634-A8E7D57E5B43}.Debug|Any CPU.ActiveCfg = Debug|Any CPU
		{5AC7CC0A-0CC5-42F3-A634-A8E7D57E5B43}.Debug|Any CPU.Build.0 = Debug|Any CPU
		{5AC7CC0A-0CC5-42F3-A634-A8E7D57E5B43}.Release|Any CPU.ActiveCfg = Release|Any CPU
		{5AC7CC0A-0CC5-42F3-A634-A8E7D57E5B43}.Release|Any CPU.Build.0 = Release|Any CPU
		{1AEA7FBA-A0A2-4638-BA74-4DB95235B3D8}.Debug|Any CPU.ActiveCfg = Debug|Any CPU
		{1AEA7FBA-A0A2-4638-BA74-4DB95235B3D8}.Debug|Any CPU.Build.0 = Debug|Any CPU
		{1AEA7FBA-A0A2-4638-BA74-4DB95235B3D8}.Release|Any CPU.ActiveCfg = Release|Any CPU
		{1AEA7FBA-A0A2-4638-BA74-4DB95235B3D8}.Release|Any CPU.Build.0 = Release|Any CPU
	EndGlobalSection
	GlobalSection(SolutionProperties) = preSolution
		HideSolutionNode = FALSE
	EndGlobalSection
	GlobalSection(NestedProjects) = preSolution
		{1AEA7FBA-A0A2-4638-BA74-4DB95235B3D8} = {BB2F590F-53B0-4202-82A6-1FFD440CB2A9}
	EndGlobalSection
	GlobalSection(ExtensibilityGlobals) = postSolution
		SolutionGuid = {D0F52F24-F330-4D7A-874A-F67C66DB1368}
	EndGlobalSection
EndGlobal
